
Microsoft Visual Studio Solution File, Format Version 12.00
# Visual Studio Version 17
VisualStudioVersion = 17.0.31903.59
MinimumVisualStudioVersion = 10.0.40219.1
Project("{FAE04EC0-301F-11D3-BF4B-00C04F79EFBC}") = "API", "API\API.csproj", "{1641D554-2D73-4096-97F4-50F9DCB0F881}"
EndProject
Project("{FAE04EC0-301F-11D3-BF4B-00C04F79EFBC}") = "Core", "Core\Core.csproj", "{EEE58637-17E0-4154-9C7A-A5701C6311C5}"
EndProject
Project("{FAE04EC0-301F-11D3-BF4B-00C04F79EFBC}") = "Infrastructure", "Infrastructure\Infrastructure.csproj", "{8B123BE2-0D3D-401B-B778-4FC0F3B3DD76}"
EndProject
Global
	GlobalSection(SolutionConfigurationPlatforms) = preSolution
		Debug|Any CPU = Debug|Any CPU
		Release|Any CPU = Release|Any CPU
	EndGlobalSection
	GlobalSection(SolutionProperties) = preSolution
		HideSolutionNode = FALSE
	EndGlobalSection
	GlobalSection(ProjectConfigurationPlatforms) = postSolution
		{1641D554-2D73-4096-97F4-50F9DCB0F881}.Debug|Any CPU.ActiveCfg = Debug|Any CPU
		{1641D554-2D73-4096-97F4-50F9DCB0F881}.Debug|Any CPU.Build.0 = Debug|Any CPU
		{1641D554-2D73-4096-97F4-50F9DCB0F881}.Release|Any CPU.ActiveCfg = Release|Any CPU
		{1641D554-2D73-4096-97F4-50F9DCB0F881}.Release|Any CPU.Build.0 = Release|Any CPU
		{EEE58637-17E0-4154-9C7A-A5701C6311C5}.Debug|Any CPU.ActiveCfg = Debug|Any CPU
		{EEE58637-17E0-4154-9C7A-A5701C6311C5}.Debug|Any CPU.Build.0 = Debug|Any CPU
		{EEE58637-17E0-4154-9C7A-A5701C6311C5}.Release|Any CPU.ActiveCfg = Release|Any CPU
		{EEE58637-17E0-4154-9C7A-A5701C6311C5}.Release|Any CPU.Build.0 = Release|Any CPU
		{8B123BE2-0D3D-401B-B778-4FC0F3B3DD76}.Debug|Any CPU.ActiveCfg = Debug|Any CPU
		{8B123BE2-0D3D-401B-B778-4FC0F3B3DD76}.Debug|Any CPU.Build.0 = Debug|Any CPU
		{8B123BE2-0D3D-401B-B778-4FC0F3B3DD76}.Release|Any CPU.ActiveCfg = Release|Any CPU
		{8B123BE2-0D3D-401B-B778-4FC0F3B3DD76}.Release|Any CPU.Build.0 = Release|Any CPU
	EndGlobalSection
EndGlobal
